
Microsoft Visual Studio Solution File, Format Version 12.00
# Visual Studio Version 17
VisualStudioVersion = 17.3.32825.248
MinimumVisualStudioVersion = 10.0.40219.1
Project("{9A19103F-16F7-4668-BE54-9A1E7A4F7556}") = "SelfCSharp2", "SelfCSharp2.csproj", "{18038D18-13F7-4F94-959C-2F21E7F45BED}"
EndProject
Project("{9A19103F-16F7-4668-BE54-9A1E7A4F7556}") = "SelfCSharp4", "..\SelfCSharp4\SelfCSharp4.csproj", "{4120FBA1-72C2-494E-ABC9-022573C8B5E2}"
EndProject
Project("{9A19103F-16F7-4668-BE54-9A1E7A4F7556}") = "SelfCSharp5_1", "..\SelfCSharp5\SelfCSharp5_1.csproj", "{FF81D039-8048-4087-8BE0-60C66907A63C}"
EndProject
Project("{9A19103F-16F7-4668-BE54-9A1E7A4F7556}") = "SelfCSharp5_2", "..\SelfCSharp5_2\SelfCSharp5_2.csproj", "{AE52FA0C-3B17-47A6-A973-C084A443BE1B}"
EndProject
Project("{FAE04EC0-301F-11D3-BF4B-00C04F79EFBC}") = "SelfCSharp6_1", "..\SelfCSharp6_1\SelfCSharp6_1.csproj", "{137A936C-F8C8-42D1-A31F-F510E0535CDC}"
EndProject
Project("{FAE04EC0-301F-11D3-BF4B-00C04F79EFBC}") = "SelfCSharp7_1", "..\SelfCSharp7_1\SelfCSharp7_1.csproj", "{FA7065BE-E61C-4E5F-9E62-03BD288CDFCA}"
EndProject
Project("{FAE04EC0-301F-11D3-BF4B-00C04F79EFBC}") = "SelfCSharp7_P1", "..\SelfCSharp7_P1\SelfCSharp7_P1.csproj", "{BBCCD1A1-71D5-413E-8109-BD782E56F42F}"
EndProject
Global
	GlobalSection(SolutionConfigurationPlatforms) = preSolution
		Debug|Any CPU = Debug|Any CPU
		Release|Any CPU = Release|Any CPU
	EndGlobalSection
	GlobalSection(ProjectConfigurationPlatforms) = postSolution
		{18038D18-13F7-4F94-959C-2F21E7F45BED}.Debug|Any CPU.ActiveCfg = Debug|Any CPU
		{18038D18-13F7-4F94-959C-2F21E7F45BED}.Debug|Any CPU.Build.0 = Debug|Any CPU
		{18038D18-13F7-4F94-959C-2F21E7F45BED}.Release|Any CPU.ActiveCfg = Release|Any CPU
		{18038D18-13F7-4F94-959C-2F21E7F45BED}.Release|Any CPU.Build.0 = Release|Any CPU
		{4120FBA1-72C2-494E-ABC9-022573C8B5E2}.Debug|Any CPU.ActiveCfg = Debug|Any CPU
		{4120FBA1-72C2-494E-ABC9-022573C8B5E2}.Debug|Any CPU.Build.0 = Debug|Any CPU
		{4120FBA1-72C2-494E-ABC9-022573C8B5E2}.Release|Any CPU.ActiveCfg = Release|Any CPU
		{4120FBA1-72C2-494E-ABC9-022573C8B5E2}.Release|Any CPU.Build.0 = Release|Any CPU
		{FF81D039-8048-4087-8BE0-60C66907A63C}.Debug|Any CPU.ActiveCfg = Debug|Any CPU
		{FF81D039-8048-4087-8BE0-60C66907A63C}.Debug|Any CPU.Build.0 = Debug|Any CPU
		{FF81D039-8048-4087-8BE0-60C66907A63C}.Release|Any CPU.ActiveCfg = Release|Any CPU
		{FF81D039-8048-4087-8BE0-60C66907A63C}.Release|Any CPU.Build.0 = Release|Any CPU
		{AE52FA0C-3B17-47A6-A973-C084A443BE1B}.Debug|Any CPU.ActiveCfg = Debug|Any CPU
		{AE52FA0C-3B17-47A6-A973-C084A443BE1B}.Debug|Any CPU.Build.0 = Debug|Any CPU
		{AE52FA0C-3B17-47A6-A973-C084A443BE1B}.Release|Any CPU.ActiveCfg = Release|Any CPU
		{AE52FA0C-3B17-47A6-A973-C084A443BE1B}.Release|Any CPU.Build.0 = Release|Any CPU
		{137A936C-F8C8-42D1-A31F-F510E0535CDC}.Debug|Any CPU.ActiveCfg = Debug|Any CPU
		{137A936C-F8C8-42D1-A31F-F510E0535CDC}.Debug|Any CPU.Build.0 = Debug|Any CPU
		{137A936C-F8C8-42D1-A31F-F510E0535CDC}.Release|Any CPU.ActiveCfg = Release|Any CPU
		{137A936C-F8C8-42D1-A31F-F510E0535CDC}.Release|Any CPU.Build.0 = Release|Any CPU
		{FA7065BE-E61C-4E5F-9E62-03BD288CDFCA}.Debug|Any CPU.ActiveCfg = Debug|Any CPU
		{FA7065BE-E61C-4E5F-9E62-03BD288CDFCA}.Debug|Any CPU.Build.0 = Debug|Any CPU
		{FA7065BE-E61C-4E5F-9E62-03BD288CDFCA}.Release|Any CPU.ActiveCfg = Release|Any CPU
		{FA7065BE-E61C-4E5F-9E62-03BD288CDFCA}.Release|Any CPU.Build.0 = Release|Any CPU
		{BBCCD1A1-71D5-413E-8109-BD782E56F42F}.Debug|Any CPU.ActiveCfg = Debug|Any CPU
		{BBCCD1A1-71D5-413E-8109-BD782E56F42F}.Debug|Any CPU.Build.0 = Debug|Any CPU
		{BBCCD1A1-71D5-413E-8109-BD782E56F42F}.Release|Any CPU.ActiveCfg = Release|Any CPU
		{BBCCD1A1-71D5-413E-8109-BD782E56F42F}.Release|Any CPU.Build.0 = Release|Any CPU
	EndGlobalSection
	GlobalSection(SolutionProperties) = preSolution
		HideSolutionNode = FALSE
	EndGlobalSection
	GlobalSection(ExtensibilityGlobals) = postSolution
		SolutionGuid = {86F721C1-EB27-44D1-80A6-F7BC09C2B6AB}
	EndGlobalSection
EndGlobal
